<?xml version="1.0" encoding="utf-8"?>
<Project ToolsVersion="4.0" xmlns="http://schemas.microsoft.com/developer/msbuild/2003">
  <ItemGroup>
    <Filter Include="Source Files">
      <UniqueIdentifier>{4FC737F1-C7A5-4376-A066-2A32D752A2FF}</UniqueIdentifier>
      <Extensions>cpp;c;cc;cxx;c++;cppm;ixx;def;odl;idl;hpj;bat;asm;asmx</Extensions>
    </Filter>
    <Filter Include="Header Files">
      <UniqueIdentifier>{93995380-89BD-4b04-88EB-625FBE52EBFB}</UniqueIdentifier>
      <Extensions>h;hh;hpp;hxx;h++;hm;inl;inc;ipp;xsd</Extensions>
    </Filter>
    <Filter Include="Resource Files">
      <UniqueIdentifier>{67DA6AB6-F800-4c08-8B7A-83BB121AAD01}</UniqueIdentifier>
      <Extensions>rc;ico;cur;bmp;dlg;rc2;rct;bin;rgs;gif;jpg;jpeg;jpe;resx;tiff;tif;png;wav;mfcribbon-ms</Extensions>
    </Filter>
    <Filter Include="Source Files\Core">
      <UniqueIdentifier>{e3ff4a59-8e26-46ce-9e7f-abc9f58b9583}</UniqueIdentifier>
    </Filter>
    <Filter Include="Source Files\Collision/Utils">
      <UniqueIdentifier>{9258095a-525c-4f40-894c-03c786b5227a}</UniqueIdentifier>
    </Filter>
    <Filter Include="Source Files\Room Generation">
      <UniqueIdentifier>{1012fa80-f6ed-4318-92a7-1ba231ed9551}</UniqueIdentifier>
    </Filter>
    <Filter Include="Source Files\Menu">
      <UniqueIdentifier>{e3901cab-1aa2-4290-9501-eb0420821b4b}</UniqueIdentifier>
    </Filter>
    <Filter Include="Source Files\Enemy">
      <UniqueIdentifier>{785892c4-316a-4c10-b664-22af09564985}</UniqueIdentifier>
    </Filter>
    <Filter Include="Source Files\Player/Item">
      <UniqueIdentifier>{8247c7c7-ad34-4e31-966e-38988dddf677}</UniqueIdentifier>
    </Filter>
    <Filter Include="Header Files\Core">
      <UniqueIdentifier>{a1593171-5d29-4a16-b4e7-1cd57512ae98}</UniqueIdentifier>
    </Filter>
    <Filter Include="Header Files\Collision/Utils">
      <UniqueIdentifier>{5db6f3dc-6e07-45bd-9b97-95303fe1903e}</UniqueIdentifier>
    </Filter>
    <Filter Include="Header Files\Menu">
      <UniqueIdentifier>{2ab9c9f9-50e0-4add-87c7-3c394a4a90db}</UniqueIdentifier>
    </Filter>
    <Filter Include="Header Files\Enemy">
      <UniqueIdentifier>{da1b8f32-0fbc-4a21-8c09-8eebb6cdcdfb}</UniqueIdentifier>
    </Filter>
    <Filter Include="Header Files\Player/Items">
      <UniqueIdentifier>{21b3c487-bd4d-4fca-bc1d-e709f1903313}</UniqueIdentifier>
    </Filter>
    <Filter Include="Header Files\Room Generation">
      <UniqueIdentifier>{1321885c-8e2b-464f-8932-4a198b6471c8}</UniqueIdentifier>
    </Filter>
  </ItemGroup>
  <ItemGroup>
    <ClCompile Include="AudioSystem.cpp">
      <Filter>Source Files\Core</Filter>
    </ClCompile>
    <ClCompile Include="AssetLoader.cpp">
      <Filter>Source Files\Core</Filter>
    </ClCompile>
    <ClCompile Include="GameStateManager.cpp">
      <Filter>Source Files\Core</Filter>
    </ClCompile>
    <ClCompile Include="Main.cpp">
      <Filter>Source Files\Core</Filter>
    </ClCompile>
    <ClCompile Include="AABBCollision.cpp">
      <Filter>Source Files\Collision/Utils</Filter>
    </ClCompile>
    <ClCompile Include="Utils.cpp">
      <Filter>Source Files\Collision/Utils</Filter>
    </ClCompile>
    <ClCompile Include="Room.cpp">
      <Filter>Source Files\Room Generation</Filter>
    </ClCompile>
    <ClCompile Include="RoomGenerator.cpp">
      <Filter>Source Files\Room Generation</Filter>
    </ClCompile>
    <ClCompile Include="RoomTemplate.cpp">
      <Filter>Source Files\Room Generation</Filter>
    </ClCompile>
    <ClCompile Include="Credits.cpp">
      <Filter>Source Files\Menu</Filter>
    </ClCompile>
    <ClCompile Include="Leaderboard.cpp">
      <Filter>Source Files\Menu</Filter>
    </ClCompile>
    <ClCompile Include="Level.cpp">
      <Filter>Source Files\Menu</Filter>
    </ClCompile>
    <ClCompile Include="MainMenu.cpp">
      <Filter>Source Files\Menu</Filter>
    </ClCompile>
    <ClCompile Include="SettingsMenu.cpp">
      <Filter>Source Files\Menu</Filter>
    </ClCompile>
    <ClCompile Include="Tilesets.cpp">
      <Filter>Source Files\Room Generation</Filter>
    </ClCompile>
    <ClCompile Include="Logo.cpp">
      <Filter>Source Files\Menu</Filter>
    </ClCompile>
    <ClCompile Include="Enemy.cpp">
      <Filter>Source Files\Enemy</Filter>
    </ClCompile>
    <ClCompile Include="Ability.cpp">
      <Filter>Source Files\Player/Item</Filter>
    </ClCompile>
    <ClCompile Include="Inventory.cpp">
      <Filter>Source Files\Player/Item</Filter>
    </ClCompile>
    <ClCompile Include="Items.cpp">
      <Filter>Source Files\Player/Item</Filter>
    </ClCompile>
    <ClCompile Include="Jogo.cpp">
      <Filter>Source Files\Player/Item</Filter>
    </ClCompile>
  </ItemGroup>
  <ItemGroup>
    <ClInclude Include="AssetLoader.h">
      <Filter>Header Files\Core</Filter>
    </ClInclude>
    <ClInclude Include="AudioSystem.h">
      <Filter>Header Files\Core</Filter>
    </ClInclude>
    <ClInclude Include="GameStateManager.h">
      <Filter>Header Files\Core</Filter>
    </ClInclude>
    <ClInclude Include="Utils.h">
      <Filter>Header Files\Collision/Utils</Filter>
    </ClInclude>
    <ClInclude Include="AABBCollision.h">
      <Filter>Header Files\Collision/Utils</Filter>
    </ClInclude>
    <ClInclude Include="MainMenu.h">
      <Filter>Header Files\Menu</Filter>
    </ClInclude>
    <ClInclude Include="Credits.h">
      <Filter>Header Files\Menu</Filter>
    </ClInclude>
    <ClInclude Include="Leaderboard.h">
      <Filter>Header Files\Menu</Filter>
    </ClInclude>
    <ClInclude Include="Level.h">
      <Filter>Header Files\Menu</Filter>
    </ClInclude>
    <ClInclude Include="SettingsMenu.h">
      <Filter>Header Files\Menu</Filter>
    </ClInclude>
    <ClInclude Include="Enemy.h">
      <Filter>Header Files\Enemy</Filter>
    </ClInclude>
    <ClInclude Include="Inventory.h">
      <Filter>Header Files\Player/Items</Filter>
    </ClInclude>
    <ClInclude Include="Items.h">
      <Filter>Header Files\Player/Items</Filter>
    </ClInclude>
    <ClInclude Include="Jogo.h">
      <Filter>Header Files\Player/Items</Filter>
    </ClInclude>
    <ClInclude Include="Logo.h">
      <Filter>Header Files\Menu</Filter>
    </ClInclude>
    <ClInclude Include="Ability.h">
      <Filter>Header Files\Player/Items</Filter>
    </ClInclude>
    <ClInclude Include="Room.h">
      <Filter>Header Files\Room Generation</Filter>
    </ClInclude>
    <ClInclude Include="RoomGenerator.h">
      <Filter>Header Files\Room Generation</Filter>
    </ClInclude>
    <ClInclude Include="RoomTemplate.h">
      <Filter>Header Files\Room Generation</Filter>
    </ClInclude>
    <ClInclude Include="Tilesets.h">
      <Filter>Header Files\Room Generation</Filter>
    </ClInclude>
    <ClInclude Include="Level.h">
      <Filter>Header Files\Menu</Filter>
    </ClInclude>
    <ClInclude Include="Room.h">
      <Filter>Header Files\Room Generation</Filter>
    </ClInclude>
    <ClInclude Include="RoomGenerator.h">
      <Filter>Header Files\Room Generation</Filter>
    </ClInclude>
  </ItemGroup>
</Project>